
Microsoft Visual Studio Solution File, Format Version 12.00
# Visual Studio Version 17
VisualStudioVersion = 17.0.32014.148
MinimumVisualStudioVersion = 10.0.40219.1
Project("{FAE04EC0-301F-11D3-BF4B-00C04F79EFBC}") = "PataponController", "PataponController\PataponController.csproj", "{7DC5CE9E-8BB0-478A-828F-C6AB988FF937}"
EndProject
Global
	GlobalSection(SolutionConfigurationPlatforms) = preSolution
		Debug|Any CPU = Debug|Any CPU
		Release|Any CPU = Release|Any CPU
	EndGlobalSection
	GlobalSection(ProjectConfigurationPlatforms) = postSolution
		{7DC5CE9E-8BB0-478A-828F-C6AB988FF937}.Debug|Any CPU.ActiveCfg = Debug|Any CPU
		{7DC5CE9E-8BB0-478A-828F-C6AB988FF937}.Debug|Any CPU.Build.0 = Debug|Any CPU
		{7DC5CE9E-8BB0-478A-828F-C6AB988FF937}.Release|Any CPU.ActiveCfg = Release|Any CPU
		{7DC5CE9E-8BB0-478A-828F-C6AB988FF937}.Release|Any CPU.Build.0 = Release|Any CPU
	EndGlobalSection
	GlobalSection(SolutionProperties) = preSolution
		HideSolutionNode = FALSE
	EndGlobalSection
	GlobalSection(ExtensibilityGlobals) = postSolution
		SolutionGuid = {BC533024-A85D-4943-846D-3DFE87A0F383}
	EndGlobalSection
EndGlobal
